// !$*UTF8*$!
{
	archiveVersion = 1;
	classes = {
	};
	objectVersion = 51;
	objects = {

/* Begin PBXBuildFile section */
		22D351BF073338921D16B2D3 /* Pods_Smarthome.framework in Frameworks */ = {isa = PBXBuildFile; fileRef = C5F9AF362F688949220E2241 /* Pods_Smarthome.framework */; };
		741E987625401588009B9390 /* AppDelegate.swift in Sources */ = {isa = PBXBuildFile; fileRef = 741E987525401588009B9390 /* AppDelegate.swift */; };
		741E987825401588009B9390 /* SceneDelegate.swift in Sources */ = {isa = PBXBuildFile; fileRef = 741E987725401588009B9390 /* SceneDelegate.swift */; };
		741E987A25401588009B9390 /* DevicesViewController.swift in Sources */ = {isa = PBXBuildFile; fileRef = 741E987925401588009B9390 /* DevicesViewController.swift */; };
		741E987F2540158B009B9390 /* Assets.xcassets in Resources */ = {isa = PBXBuildFile; fileRef = 741E987E2540158B009B9390 /* Assets.xcassets */; };
		741E98822540158B009B9390 /* LaunchScreen.storyboard in Resources */ = {isa = PBXBuildFile; fileRef = 741E98802540158B009B9390 /* LaunchScreen.storyboard */; };
		741E9893254028DF009B9390 /* DevicesService.swift in Sources */ = {isa = PBXBuildFile; fileRef = 741E9892254028DF009B9390 /* DevicesService.swift */; };
		745EAD4E25414AF400108D5F /* PresentViewController.swift in Sources */ = {isa = PBXBuildFile; fileRef = 745EAD4D25414AF400108D5F /* PresentViewController.swift */; };
		745EAD512541705200108D5F /* DeviceCell.swift in Sources */ = {isa = PBXBuildFile; fileRef = 745EAD502541705200108D5F /* DeviceCell.swift */; };
		745EAD58254188F800108D5F /* LightViewController.swift in Sources */ = {isa = PBXBuildFile; fileRef = 745EAD57254188F800108D5F /* LightViewController.swift */; };
		7464B9F925429F580005E4B9 /* HeatersViewController.swift in Sources */ = {isa = PBXBuildFile; fileRef = 7464B9F825429F580005E4B9 /* HeatersViewController.swift */; };
		7464B9FC2542A55E0005E4B9 /* RollerShutterViewController.swift in Sources */ = {isa = PBXBuildFile; fileRef = 7464B9FB2542A55E0005E4B9 /* RollerShutterViewController.swift */; };
		7464B9FF254472E60005E4B9 /* ProfileViewController.swift in Sources */ = {isa = PBXBuildFile; fileRef = 7464B9FE254472E60005E4B9 /* ProfileViewController.swift */; };
		7464BA03254555060005E4B9 /* Smarthome.xcdatamodeld in Sources */ = {isa = PBXBuildFile; fileRef = 7464BA01254555060005E4B9 /* Smarthome.xcdatamodeld */; };
		7464BA06254556760005E4B9 /* PersistenceService.swift in Sources */ = {isa = PBXBuildFile; fileRef = 7464BA05254556760005E4B9 /* PersistenceService.swift */; };
		7464BA122546AA360005E4B9 /* DeviceSave+CoreDataClass.swift in Sources */ = {isa = PBXBuildFile; fileRef = 7464BA102546AA360005E4B9 /* DeviceSave+CoreDataClass.swift */; };
		7464BA132546AA360005E4B9 /* DeviceSave+CoreDataProperties.swift in Sources */ = {isa = PBXBuildFile; fileRef = 7464BA112546AA360005E4B9 /* DeviceSave+CoreDataProperties.swift */; };
		7464BA232546FF1C0005E4B9 /* SmarthomeTests.swift in Sources */ = {isa = PBXBuildFile; fileRef = 7464BA222546FF1C0005E4B9 /* SmarthomeTests.swift */; };
		7464BA2D2546FF6C0005E4B9 /* DevicesServiceTest.swift in Sources */ = {isa = PBXBuildFile; fileRef = 7464BA2C2546FF6C0005E4B9 /* DevicesServiceTest.swift */; };
		7464BA46254723C90005E4B9 /* READ.ME in Resources */ = {isa = PBXBuildFile; fileRef = 7464BA45254723C90005E4B9 /* READ.ME */; };
		7464BA50254726260005E4B9 /* SmarthomeUITests.swift in Sources */ = {isa = PBXBuildFile; fileRef = 7464BA4F254726260005E4B9 /* SmarthomeUITests.swift */; };
/* End PBXBuildFile section */

/* Begin PBXContainerItemProxy section */
		7464BA252546FF1C0005E4B9 /* PBXContainerItemProxy */ = {
			isa = PBXContainerItemProxy;
			containerPortal = 741E986A25401588009B9390 /* Project object */;
			proxyType = 1;
			remoteGlobalIDString = 741E987125401588009B9390;
			remoteInfo = Smarthome;
		};
		7464BA52254726260005E4B9 /* PBXContainerItemProxy */ = {
			isa = PBXContainerItemProxy;
			containerPortal = 741E986A25401588009B9390 /* Project object */;
			proxyType = 1;
			remoteGlobalIDString = 741E987125401588009B9390;
			remoteInfo = Smarthome;
		};
/* End PBXContainerItemProxy section */

/* Begin PBXFileReference section */
		741E987225401588009B9390 /* Smarthome.app */ = {isa = PBXFileReference; explicitFileType = wrapper.application; includeInIndex = 0; path = Smarthome.app; sourceTree = BUILT_PRODUCTS_DIR; };
		741E987525401588009B9390 /* AppDelegate.swift */ = {isa = PBXFileReference; lastKnownFileType = sourcecode.swift; path = AppDelegate.swift; sourceTree = "<group>"; };
		741E987725401588009B9390 /* SceneDelegate.swift */ = {isa = PBXFileReference; lastKnownFileType = sourcecode.swift; path = SceneDelegate.swift; sourceTree = "<group>"; };
		741E987925401588009B9390 /* DevicesViewController.swift */ = {isa = PBXFileReference; lastKnownFileType = sourcecode.swift; path = DevicesViewController.swift; sourceTree = "<group>"; };
		741E987E2540158B009B9390 /* Assets.xcassets */ = {isa = PBXFileReference; lastKnownFileType = folder.assetcatalog; path = Assets.xcassets; sourceTree = "<group>"; };
		741E98812540158B009B9390 /* Base */ = {isa = PBXFileReference; lastKnownFileType = file.storyboard; name = Base; path = Base.lproj/LaunchScreen.storyboard; sourceTree = "<group>"; };
		741E98832540158B009B9390 /* Info.plist */ = {isa = PBXFileReference; lastKnownFileType = text.plist.xml; path = Info.plist; sourceTree = "<group>"; };
		741E9892254028DF009B9390 /* DevicesService.swift */ = {isa = PBXFileReference; lastKnownFileType = sourcecode.swift; path = DevicesService.swift; sourceTree = "<group>"; };
		745EAD4D25414AF400108D5F /* PresentViewController.swift */ = {isa = PBXFileReference; lastKnownFileType = sourcecode.swift; path = PresentViewController.swift; sourceTree = "<group>"; };
		745EAD502541705200108D5F /* DeviceCell.swift */ = {isa = PBXFileReference; lastKnownFileType = sourcecode.swift; path = DeviceCell.swift; sourceTree = "<group>"; };
		745EAD57254188F800108D5F /* LightViewController.swift */ = {isa = PBXFileReference; lastKnownFileType = sourcecode.swift; path = LightViewController.swift; sourceTree = "<group>"; };
		7464B9F825429F580005E4B9 /* HeatersViewController.swift */ = {isa = PBXFileReference; lastKnownFileType = sourcecode.swift; path = HeatersViewController.swift; sourceTree = "<group>"; };
		7464B9FB2542A55E0005E4B9 /* RollerShutterViewController.swift */ = {isa = PBXFileReference; lastKnownFileType = sourcecode.swift; path = RollerShutterViewController.swift; sourceTree = "<group>"; };
		7464B9FE254472E60005E4B9 /* ProfileViewController.swift */ = {isa = PBXFileReference; lastKnownFileType = sourcecode.swift; path = ProfileViewController.swift; sourceTree = "<group>"; };
		7464BA02254555060005E4B9 /* Smarthome.xcdatamodel */ = {isa = PBXFileReference; lastKnownFileType = wrapper.xcdatamodel; path = Smarthome.xcdatamodel; sourceTree = "<group>"; };
		7464BA05254556760005E4B9 /* PersistenceService.swift */ = {isa = PBXFileReference; lastKnownFileType = sourcecode.swift; path = PersistenceService.swift; sourceTree = "<group>"; };
		7464BA102546AA360005E4B9 /* DeviceSave+CoreDataClass.swift */ = {isa = PBXFileReference; lastKnownFileType = sourcecode.swift; path = "DeviceSave+CoreDataClass.swift"; sourceTree = "<group>"; };
		7464BA112546AA360005E4B9 /* DeviceSave+CoreDataProperties.swift */ = {isa = PBXFileReference; lastKnownFileType = sourcecode.swift; path = "DeviceSave+CoreDataProperties.swift"; sourceTree = "<group>"; };
		7464BA202546FF1C0005E4B9 /* SmarthomeTests.xctest */ = {isa = PBXFileReference; explicitFileType = wrapper.cfbundle; includeInIndex = 0; path = SmarthomeTests.xctest; sourceTree = BUILT_PRODUCTS_DIR; };
		7464BA222546FF1C0005E4B9 /* SmarthomeTests.swift */ = {isa = PBXFileReference; lastKnownFileType = sourcecode.swift; path = SmarthomeTests.swift; sourceTree = "<group>"; };
		7464BA242546FF1C0005E4B9 /* Info.plist */ = {isa = PBXFileReference; lastKnownFileType = text.plist.xml; path = Info.plist; sourceTree = "<group>"; };
		7464BA2C2546FF6C0005E4B9 /* DevicesServiceTest.swift */ = {isa = PBXFileReference; lastKnownFileType = sourcecode.swift; name = DevicesServiceTest.swift; path = SmarthomeTests/DevicesServiceTest.swift; sourceTree = "<group>"; };
		7464BA45254723C90005E4B9 /* READ.ME */ = {isa = PBXFileReference; lastKnownFileType = text; path = READ.ME; sourceTree = "<group>"; };
		7464BA4D254726260005E4B9 /* SmarthomeUITests.xctest */ = {isa = PBXFileReference; explicitFileType = wrapper.cfbundle; includeInIndex = 0; path = SmarthomeUITests.xctest; sourceTree = BUILT_PRODUCTS_DIR; };
		7464BA4F254726260005E4B9 /* SmarthomeUITests.swift */ = {isa = PBXFileReference; lastKnownFileType = sourcecode.swift; path = SmarthomeUITests.swift; sourceTree = "<group>"; };
		7464BA51254726260005E4B9 /* Info.plist */ = {isa = PBXFileReference; lastKnownFileType = text.plist.xml; path = Info.plist; sourceTree = "<group>"; };
		8EA61307EC09EF585460A918 /* Pods-Smarthome.release.xcconfig */ = {isa = PBXFileReference; includeInIndex = 1; lastKnownFileType = text.xcconfig; name = "Pods-Smarthome.release.xcconfig"; path = "Target Support Files/Pods-Smarthome/Pods-Smarthome.release.xcconfig"; sourceTree = "<group>"; };
		C18CF04090B7A12A5EA7AC47 /* Pods-Smarthome.debug.xcconfig */ = {isa = PBXFileReference; includeInIndex = 1; lastKnownFileType = text.xcconfig; name = "Pods-Smarthome.debug.xcconfig"; path = "Target Support Files/Pods-Smarthome/Pods-Smarthome.debug.xcconfig"; sourceTree = "<group>"; };
		C5F9AF362F688949220E2241 /* Pods_Smarthome.framework */ = {isa = PBXFileReference; explicitFileType = wrapper.framework; includeInIndex = 0; path = Pods_Smarthome.framework; sourceTree = BUILT_PRODUCTS_DIR; };
/* End PBXFileReference section */

/* Begin PBXFrameworksBuildPhase section */
		741E986F25401588009B9390 /* Frameworks */ = {
			isa = PBXFrameworksBuildPhase;
			buildActionMask = 2147483647;
			files = (
				22D351BF073338921D16B2D3 /* Pods_Smarthome.framework in Frameworks */,
			);
			runOnlyForDeploymentPostprocessing = 0;
		};
		7464BA1D2546FF1C0005E4B9 /* Frameworks */ = {
			isa = PBXFrameworksBuildPhase;
			buildActionMask = 2147483647;
			files = (
			);
			runOnlyForDeploymentPostprocessing = 0;
		};
		7464BA4A254726260005E4B9 /* Frameworks */ = {
			isa = PBXFrameworksBuildPhase;
			buildActionMask = 2147483647;
			files = (
			);
			runOnlyForDeploymentPostprocessing = 0;
		};
/* End PBXFrameworksBuildPhase section */

/* Begin PBXGroup section */
		37047B9FE73071B9B75B92E8 /* Frameworks */ = {
			isa = PBXGroup;
			children = (
				C5F9AF362F688949220E2241 /* Pods_Smarthome.framework */,
			);
			name = Frameworks;
			sourceTree = "<group>";
		};
		741E986925401588009B9390 = {
			isa = PBXGroup;
			children = (
				741E987425401588009B9390 /* Smarthome */,
				7464BA212546FF1C0005E4B9 /* SmarthomeTests */,
				7464BA4E254726260005E4B9 /* SmarthomeUITests */,
				741E987325401588009B9390 /* Products */,
				7464BA2C2546FF6C0005E4B9 /* DevicesServiceTest.swift */,
				C2A8306EBED4799C2FCE8A57 /* Pods */,
				37047B9FE73071B9B75B92E8 /* Frameworks */,
			);
			sourceTree = "<group>";
		};
		741E987325401588009B9390 /* Products */ = {
			isa = PBXGroup;
			children = (
				741E987225401588009B9390 /* Smarthome.app */,
				7464BA202546FF1C0005E4B9 /* SmarthomeTests.xctest */,
				7464BA4D254726260005E4B9 /* SmarthomeUITests.xctest */,
			);
			name = Products;
			sourceTree = "<group>";
		};
		741E987425401588009B9390 /* Smarthome */ = {
			isa = PBXGroup;
			children = (
				7464BA45254723C90005E4B9 /* READ.ME */,
				741E987525401588009B9390 /* AppDelegate.swift */,
				741E987725401588009B9390 /* SceneDelegate.swift */,
				745EAD502541705200108D5F /* DeviceCell.swift */,
				7464BA37254719170005E4B9 /* Controllers */,
				7464BA38254719380005E4B9 /* Model */,
				7464BA32254706D80005E4B9 /* SupportingFiles */,
				7464BA1B2546FED90005E4B9 /* CoreDataFiles */,
			);
			path = Smarthome;
			sourceTree = "<group>";
		};
		7464BA1B2546FED90005E4B9 /* CoreDataFiles */ = {
			isa = PBXGroup;
			children = (
				7464BA102546AA360005E4B9 /* DeviceSave+CoreDataClass.swift */,
				7464BA112546AA360005E4B9 /* DeviceSave+CoreDataProperties.swift */,
				7464BA01254555060005E4B9 /* Smarthome.xcdatamodeld */,
			);
			path = CoreDataFiles;
			sourceTree = "<group>";
		};
		7464BA212546FF1C0005E4B9 /* SmarthomeTests */ = {
			isa = PBXGroup;
			children = (
				7464BA222546FF1C0005E4B9 /* SmarthomeTests.swift */,
				7464BA242546FF1C0005E4B9 /* Info.plist */,
			);
			path = SmarthomeTests;
			sourceTree = "<group>";
		};
		7464BA32254706D80005E4B9 /* SupportingFiles */ = {
			isa = PBXGroup;
			children = (
				741E98832540158B009B9390 /* Info.plist */,
				741E98802540158B009B9390 /* LaunchScreen.storyboard */,
				741E987E2540158B009B9390 /* Assets.xcassets */,
			);
			path = SupportingFiles;
			sourceTree = "<group>";
		};
		7464BA37254719170005E4B9 /* Controllers */ = {
			isa = PBXGroup;
			children = (
				741E987925401588009B9390 /* DevicesViewController.swift */,
				745EAD57254188F800108D5F /* LightViewController.swift */,
				7464B9FB2542A55E0005E4B9 /* RollerShutterViewController.swift */,
				7464B9F825429F580005E4B9 /* HeatersViewController.swift */,
				745EAD4D25414AF400108D5F /* PresentViewController.swift */,
				7464B9FE254472E60005E4B9 /* ProfileViewController.swift */,
			);
			path = Controllers;
			sourceTree = "<group>";
		};
		7464BA38254719380005E4B9 /* Model */ = {
			isa = PBXGroup;
			children = (
				7464BA05254556760005E4B9 /* PersistenceService.swift */,
				741E9892254028DF009B9390 /* DevicesService.swift */,
			);
			path = Model;
			sourceTree = "<group>";
		};
		7464BA4E254726260005E4B9 /* SmarthomeUITests */ = {
			isa = PBXGroup;
			children = (
				7464BA4F254726260005E4B9 /* SmarthomeUITests.swift */,
				7464BA51254726260005E4B9 /* Info.plist */,
			);
			path = SmarthomeUITests;
			sourceTree = "<group>";
		};
		C2A8306EBED4799C2FCE8A57 /* Pods */ = {
			isa = PBXGroup;
			children = (
				C18CF04090B7A12A5EA7AC47 /* Pods-Smarthome.debug.xcconfig */,
				8EA61307EC09EF585460A918 /* Pods-Smarthome.release.xcconfig */,
			);
			path = Pods;
			sourceTree = "<group>";
		};
/* End PBXGroup section */

/* Begin PBXNativeTarget section */
		741E987125401588009B9390 /* Smarthome */ = {
			isa = PBXNativeTarget;
			buildConfigurationList = 741E98862540158B009B9390 /* Build configuration list for PBXNativeTarget "Smarthome" */;
			buildPhases = (
				6A467237AB8852F10B73B9FB /* [CP] Check Pods Manifest.lock */,
				741E986E25401588009B9390 /* Sources */,
				741E986F25401588009B9390 /* Frameworks */,
				741E987025401588009B9390 /* Resources */,
				4CF3C328FE8C09515EFCA86A /* [CP] Embed Pods Frameworks */,
			);
			buildRules = (
			);
			dependencies = (
			);
			name = Smarthome;
			productName = Smarthome;
			productReference = 741E987225401588009B9390 /* Smarthome.app */;
			productType = "com.apple.product-type.application";
		};
		7464BA1F2546FF1C0005E4B9 /* SmarthomeTests */ = {
			isa = PBXNativeTarget;
			buildConfigurationList = 7464BA272546FF1C0005E4B9 /* Build configuration list for PBXNativeTarget "SmarthomeTests" */;
			buildPhases = (
				7464BA1C2546FF1C0005E4B9 /* Sources */,
				7464BA1D2546FF1C0005E4B9 /* Frameworks */,
				7464BA1E2546FF1C0005E4B9 /* Resources */,
			);
			buildRules = (
			);
			dependencies = (
				7464BA262546FF1C0005E4B9 /* PBXTargetDependency */,
			);
			name = SmarthomeTests;
			productName = SmarthomeTests;
			productReference = 7464BA202546FF1C0005E4B9 /* SmarthomeTests.xctest */;
			productType = "com.apple.product-type.bundle.unit-test";
		};
		7464BA4C254726260005E4B9 /* SmarthomeUITests */ = {
			isa = PBXNativeTarget;
			buildConfigurationList = 7464BA54254726260005E4B9 /* Build configuration list for PBXNativeTarget "SmarthomeUITests" */;
			buildPhases = (
				7464BA49254726260005E4B9 /* Sources */,
				7464BA4A254726260005E4B9 /* Frameworks */,
				7464BA4B254726260005E4B9 /* Resources */,
			);
			buildRules = (
			);
			dependencies = (
				7464BA53254726260005E4B9 /* PBXTargetDependency */,
			);
			name = SmarthomeUITests;
			productName = SmarthomeUITests;
			productReference = 7464BA4D254726260005E4B9 /* SmarthomeUITests.xctest */;
			productType = "com.apple.product-type.bundle.ui-testing";
		};
/* End PBXNativeTarget section */

/* Begin PBXProject section */
		741E986A25401588009B9390 /* Project object */ = {
			isa = PBXProject;
			attributes = {
				LastSwiftUpdateCheck = 1200;
				LastUpgradeCheck = 1200;
				TargetAttributes = {
					741E987125401588009B9390 = {
						CreatedOnToolsVersion = 12.0.1;
					};
					7464BA1F2546FF1C0005E4B9 = {
						CreatedOnToolsVersion = 12.0.1;
						TestTargetID = 741E987125401588009B9390;
					};
					7464BA4C254726260005E4B9 = {
						CreatedOnToolsVersion = 12.0.1;
						TestTargetID = 741E987125401588009B9390;
					};
				};
			};
			buildConfigurationList = 741E986D25401588009B9390 /* Build configuration list for PBXProject "Smarthome" */;
			compatibilityVersion = "Xcode 9.3";
			developmentRegion = en;
			hasScannedForEncodings = 0;
			knownRegions = (
				en,
				Base,
			);
			mainGroup = 741E986925401588009B9390;
			productRefGroup = 741E987325401588009B9390 /* Products */;
			projectDirPath = "";
			projectRoot = "";
			targets = (
				741E987125401588009B9390 /* Smarthome */,
				7464BA1F2546FF1C0005E4B9 /* SmarthomeTests */,
				7464BA4C254726260005E4B9 /* SmarthomeUITests */,
			);
		};
/* End PBXProject section */

/* Begin PBXResourcesBuildPhase section */
		741E987025401588009B9390 /* Resources */ = {
			isa = PBXResourcesBuildPhase;
			buildActionMask = 2147483647;
			files = (
				7464BA46254723C90005E4B9 /* READ.ME in Resources */,
				741E98822540158B009B9390 /* LaunchScreen.storyboard in Resources */,
				741E987F2540158B009B9390 /* Assets.xcassets in Resources */,
			);
			runOnlyForDeploymentPostprocessing = 0;
		};
		7464BA1E2546FF1C0005E4B9 /* Resources */ = {
			isa = PBXResourcesBuildPhase;
			buildActionMask = 2147483647;
			files = (
			);
			runOnlyForDeploymentPostprocessing = 0;
		};
		7464BA4B254726260005E4B9 /* Resources */ = {
			isa = PBXResourcesBuildPhase;
			buildActionMask = 2147483647;
			files = (
			);
			runOnlyForDeploymentPostprocessing = 0;
		};
/* End PBXResourcesBuildPhase section */

/* Begin PBXShellScriptBuildPhase section */
		4CF3C328FE8C09515EFCA86A /* [CP] Embed Pods Frameworks */ = {
			isa = PBXShellScriptBuildPhase;
			buildActionMask = 2147483647;
			files = (
			);
			inputFileListPaths = (
				"${PODS_ROOT}/Target Support Files/Pods-Smarthome/Pods-Smarthome-frameworks-${CONFIGURATION}-input-files.xcfilelist",
			);
			name = "[CP] Embed Pods Frameworks";
			outputFileListPaths = (
				"${PODS_ROOT}/Target Support Files/Pods-Smarthome/Pods-Smarthome-frameworks-${CONFIGURATION}-output-files.xcfilelist",
			);
			runOnlyForDeploymentPostprocessing = 0;
			shellPath = /bin/sh;
			shellScript = "\"${PODS_ROOT}/Target Support Files/Pods-Smarthome/Pods-Smarthome-frameworks.sh\"\n";
			showEnvVarsInLog = 0;
		};
		6A467237AB8852F10B73B9FB /* [CP] Check Pods Manifest.lock */ = {
			isa = PBXShellScriptBuildPhase;
			buildActionMask = 2147483647;
			files = (
			);
			inputFileListPaths = (
			);
			inputPaths = (
				"${PODS_PODFILE_DIR_PATH}/Podfile.lock",
				"${PODS_ROOT}/Manifest.lock",
			);
			name = "[CP] Check Pods Manifest.lock";
			outputFileListPaths = (
			);
			outputPaths = (
				"$(DERIVED_FILE_DIR)/Pods-Smarthome-checkManifestLockResult.txt",
			);
			runOnlyForDeploymentPostprocessing = 0;
			shellPath = /bin/sh;
			shellScript = "diff \"${PODS_PODFILE_DIR_PATH}/Podfile.lock\" \"${PODS_ROOT}/Manifest.lock\" > /dev/null\nif [ $? != 0 ] ; then\n    # print error to STDERR\n    echo \"error: The sandbox is not in sync with the Podfile.lock. Run 'pod install' or update your CocoaPods installation.\" >&2\n    exit 1\nfi\n# This output is used by Xcode 'outputs' to avoid re-running this script phase.\necho \"SUCCESS\" > \"${SCRIPT_OUTPUT_FILE_0}\"\n";
			showEnvVarsInLog = 0;
		};
/* End PBXShellScriptBuildPhase section */

/* Begin PBXSourcesBuildPhase section */
		741E986E25401588009B9390 /* Sources */ = {
			isa = PBXSourcesBuildPhase;
			buildActionMask = 2147483647;
			files = (
				741E987A25401588009B9390 /* DevicesViewController.swift in Sources */,
				7464BA122546AA360005E4B9 /* DeviceSave+CoreDataClass.swift in Sources */,
				7464BA06254556760005E4B9 /* PersistenceService.swift in Sources */,
				7464BA03254555060005E4B9 /* Smarthome.xcdatamodeld in Sources */,
				7464B9F925429F580005E4B9 /* HeatersViewController.swift in Sources */,
				7464B9FF254472E60005E4B9 /* ProfileViewController.swift in Sources */,
				741E987625401588009B9390 /* AppDelegate.swift in Sources */,
				745EAD4E25414AF400108D5F /* PresentViewController.swift in Sources */,
				741E987825401588009B9390 /* SceneDelegate.swift in Sources */,
				741E9893254028DF009B9390 /* DevicesService.swift in Sources */,
				745EAD512541705200108D5F /* DeviceCell.swift in Sources */,
				745EAD58254188F800108D5F /* LightViewController.swift in Sources */,
				7464BA132546AA360005E4B9 /* DeviceSave+CoreDataProperties.swift in Sources */,
				7464B9FC2542A55E0005E4B9 /* RollerShutterViewController.swift in Sources */,
			);
			runOnlyForDeploymentPostprocessing = 0;
		};
		7464BA1C2546FF1C0005E4B9 /* Sources */ = {
			isa = PBXSourcesBuildPhase;
			buildActionMask = 2147483647;
			files = (
				7464BA232546FF1C0005E4B9 /* SmarthomeTests.swift in Sources */,
				7464BA2D2546FF6C0005E4B9 /* DevicesServiceTest.swift in Sources */,
			);
			runOnlyForDeploymentPostprocessing = 0;
		};
		7464BA49254726260005E4B9 /* Sources */ = {
			isa = PBXSourcesBuildPhase;
			buildActionMask = 2147483647;
			files = (
				7464BA50254726260005E4B9 /* SmarthomeUITests.swift in Sources */,
			);
			runOnlyForDeploymentPostprocessing = 0;
		};
/* End PBXSourcesBuildPhase section */

/* Begin PBXTargetDependency section */
		7464BA262546FF1C0005E4B9 /* PBXTargetDependency */ = {
			isa = PBXTargetDependency;
			target = 741E987125401588009B9390 /* Smarthome */;
			targetProxy = 7464BA252546FF1C0005E4B9 /* PBXContainerItemProxy */;
		};
		7464BA53254726260005E4B9 /* PBXTargetDependency */ = {
			isa = PBXTargetDependency;
			target = 741E987125401588009B9390 /* Smarthome */;
			targetProxy = 7464BA52254726260005E4B9 /* PBXContainerItemProxy */;
		};
/* End PBXTargetDependency section */

/* Begin PBXVariantGroup section */
		741E98802540158B009B9390 /* LaunchScreen.storyboard */ = {
			isa = PBXVariantGroup;
			children = (
				741E98812540158B009B9390 /* Base */,
			);
			name = LaunchScreen.storyboard;
			sourceTree = "<group>";
		};
/* End PBXVariantGroup section */

/* Begin XCBuildConfiguration section */
		741E98842540158B009B9390 /* Debug */ = {
			isa = XCBuildConfiguration;
			buildSettings = {
				ALWAYS_SEARCH_USER_PATHS = NO;
				CLANG_ANALYZER_NONNULL = YES;
				CLANG_ANALYZER_NUMBER_OBJECT_CONVERSION = YES_AGGRESSIVE;
				CLANG_CXX_LANGUAGE_STANDARD = "gnu++14";
				CLANG_CXX_LIBRARY = "libc++";
				CLANG_ENABLE_MODULES = YES;
				CLANG_ENABLE_OBJC_ARC = YES;
				CLANG_ENABLE_OBJC_WEAK = YES;
				CLANG_WARN_BLOCK_CAPTURE_AUTORELEASING = YES;
				CLANG_WARN_BOOL_CONVERSION = YES;
				CLANG_WARN_COMMA = YES;
				CLANG_WARN_CONSTANT_CONVERSION = YES;
				CLANG_WARN_DEPRECATED_OBJC_IMPLEMENTATIONS = YES;
				CLANG_WARN_DIRECT_OBJC_ISA_USAGE = YES_ERROR;
				CLANG_WARN_DOCUMENTATION_COMMENTS = YES;
				CLANG_WARN_EMPTY_BODY = YES;
				CLANG_WARN_ENUM_CONVERSION = YES;
				CLANG_WARN_INFINITE_RECURSION = YES;
				CLANG_WARN_INT_CONVERSION = YES;
				CLANG_WARN_NON_LITERAL_NULL_CONVERSION = YES;
				CLANG_WARN_OBJC_IMPLICIT_RETAIN_SELF = YES;
				CLANG_WARN_OBJC_LITERAL_CONVERSION = YES;
				CLANG_WARN_OBJC_ROOT_CLASS = YES_ERROR;
				CLANG_WARN_QUOTED_INCLUDE_IN_FRAMEWORK_HEADER = YES;
				CLANG_WARN_RANGE_LOOP_ANALYSIS = YES;
				CLANG_WARN_STRICT_PROTOTYPES = YES;
				CLANG_WARN_SUSPICIOUS_MOVE = YES;
				CLANG_WARN_UNGUARDED_AVAILABILITY = YES_AGGRESSIVE;
				CLANG_WARN_UNREACHABLE_CODE = YES;
				CLANG_WARN__DUPLICATE_METHOD_MATCH = YES;
				COPY_PHASE_STRIP = NO;
				DEBUG_INFORMATION_FORMAT = dwarf;
				ENABLE_STRICT_OBJC_MSGSEND = YES;
				ENABLE_TESTABILITY = YES;
				GCC_C_LANGUAGE_STANDARD = gnu11;
				GCC_DYNAMIC_NO_PIC = NO;
				GCC_NO_COMMON_BLOCKS = YES;
				GCC_OPTIMIZATION_LEVEL = 0;
				GCC_PREPROCESSOR_DEFINITIONS = (
					"DEBUG=1",
					"$(inherited)",
				);
				GCC_WARN_64_TO_32_BIT_CONVERSION = YES;
				GCC_WARN_ABOUT_RETURN_TYPE = YES_ERROR;
				GCC_WARN_UNDECLARED_SELECTOR = YES;
				GCC_WARN_UNINITIALIZED_AUTOS = YES_AGGRESSIVE;
				GCC_WARN_UNUSED_FUNCTION = YES;
				GCC_WARN_UNUSED_VARIABLE = YES;
				IPHONEOS_DEPLOYMENT_TARGET = 14.0;
				MTL_ENABLE_DEBUG_INFO = INCLUDE_SOURCE;
				MTL_FAST_MATH = YES;
				ONLY_ACTIVE_ARCH = YES;
				SDKROOT = iphoneos;
				SWIFT_ACTIVE_COMPILATION_CONDITIONS = DEBUG;
				SWIFT_OPTIMIZATION_LEVEL = "-Onone";
			};
			name = Debug;
		};
		741E98852540158B009B9390 /* Release */ = {
			isa = XCBuildConfiguration;
			buildSettings = {
				ALWAYS_SEARCH_USER_PATHS = NO;
				CLANG_ANALYZER_NONNULL = YES;
				CLANG_ANALYZER_NUMBER_OBJECT_CONVERSION = YES_AGGRESSIVE;
				CLANG_CXX_LANGUAGE_STANDARD = "gnu++14";
				CLANG_CXX_LIBRARY = "libc++";
				CLANG_ENABLE_MODULES = YES;
				CLANG_ENABLE_OBJC_ARC = YES;
				CLANG_ENABLE_OBJC_WEAK = YES;
				CLANG_WARN_BLOCK_CAPTURE_AUTORELEASING = YES;
				CLANG_WARN_BOOL_CONVERSION = YES;
				CLANG_WARN_COMMA = YES;
				CLANG_WARN_CONSTANT_CONVERSION = YES;
				CLANG_WARN_DEPRECATED_OBJC_IMPLEMENTATIONS = YES;
				CLANG_WARN_DIRECT_OBJC_ISA_USAGE = YES_ERROR;
				CLANG_WARN_DOCUMENTATION_COMMENTS = YES;
				CLANG_WARN_EMPTY_BODY = YES;
				CLANG_WARN_ENUM_CONVERSION = YES;
				CLANG_WARN_INFINITE_RECURSION = YES;
				CLANG_WARN_INT_CONVERSION = YES;
				CLANG_WARN_NON_LITERAL_NULL_CONVERSION = YES;
				CLANG_WARN_OBJC_IMPLICIT_RETAIN_SELF = YES;
				CLANG_WARN_OBJC_LITERAL_CONVERSION = YES;
				CLANG_WARN_OBJC_ROOT_CLASS = YES_ERROR;
				CLANG_WARN_QUOTED_INCLUDE_IN_FRAMEWORK_HEADER = YES;
				CLANG_WARN_RANGE_LOOP_ANALYSIS = YES;
				CLANG_WARN_STRICT_PROTOTYPES = YES;
				CLANG_WARN_SUSPICIOUS_MOVE = YES;
				CLANG_WARN_UNGUARDED_AVAILABILITY = YES_AGGRESSIVE;
				CLANG_WARN_UNREACHABLE_CODE = YES;
				CLANG_WARN__DUPLICATE_METHOD_MATCH = YES;
				COPY_PHASE_STRIP = NO;
				DEBUG_INFORMATION_FORMAT = "dwarf-with-dsym";
				ENABLE_NS_ASSERTIONS = NO;
				ENABLE_STRICT_OBJC_MSGSEND = YES;
				GCC_C_LANGUAGE_STANDARD = gnu11;
				GCC_NO_COMMON_BLOCKS = YES;
				GCC_WARN_64_TO_32_BIT_CONVERSION = YES;
				GCC_WARN_ABOUT_RETURN_TYPE = YES_ERROR;
				GCC_WARN_UNDECLARED_SELECTOR = YES;
				GCC_WARN_UNINITIALIZED_AUTOS = YES_AGGRESSIVE;
				GCC_WARN_UNUSED_FUNCTION = YES;
				GCC_WARN_UNUSED_VARIABLE = YES;
				IPHONEOS_DEPLOYMENT_TARGET = 14.0;
				MTL_ENABLE_DEBUG_INFO = NO;
				MTL_FAST_MATH = YES;
				SDKROOT = iphoneos;
				SWIFT_COMPILATION_MODE = wholemodule;
				SWIFT_OPTIMIZATION_LEVEL = "-O";
				VALIDATE_PRODUCT = YES;
			};
			name = Release;
		};
		741E98872540158B009B9390 /* Debug */ = {
			isa = XCBuildConfiguration;
			baseConfigurationReference = C18CF04090B7A12A5EA7AC47 /* Pods-Smarthome.debug.xcconfig */;
			buildSettings = {
				ASSETCATALOG_COMPILER_APPICON_NAME = AppIcon;
				ASSETCATALOG_COMPILER_GLOBAL_ACCENT_COLOR_NAME = AccentColor;
				CODE_SIGN_STYLE = Automatic;
				DEVELOPMENT_TEAM = U827D84ZM8;
				INFOPLIST_FILE = Smarthome/SupportingFiles/Info.plist;
				LD_RUNPATH_SEARCH_PATHS = (
					"$(inherited)",
					"@executable_path/Frameworks",
				);
				PRODUCT_BUNDLE_IDENTIFIER = com.yakoub.Smarthome;
				PRODUCT_NAME = "$(TARGET_NAME)";
				SWIFT_VERSION = 5.0;
				TARGETED_DEVICE_FAMILY = 1;
			};
			name = Debug;
		};
		741E98882540158B009B9390 /* Release */ = {
			isa = XCBuildConfiguration;
			baseConfigurationReference = 8EA61307EC09EF585460A918 /* Pods-Smarthome.release.xcconfig */;
			buildSettings = {
				ASSETCATALOG_COMPILER_APPICON_NAME = AppIcon;
				ASSETCATALOG_COMPILER_GLOBAL_ACCENT_COLOR_NAME = AccentColor;
				CODE_SIGN_STYLE = Automatic;
				DEVELOPMENT_TEAM = U827D84ZM8;
				INFOPLIST_FILE = Smarthome/SupportingFiles/Info.plist;
				LD_RUNPATH_SEARCH_PATHS = (
					"$(inherited)",
					"@executable_path/Frameworks",
				);
				PRODUCT_BUNDLE_IDENTIFIER = com.yakoub.Smarthome;
				PRODUCT_NAME = "$(TARGET_NAME)";
				SWIFT_VERSION = 5.0;
				TARGETED_DEVICE_FAMILY = 1;
			};
			name = Release;
		};
		7464BA282546FF1C0005E4B9 /* Debug */ = {
			isa = XCBuildConfiguration;
			buildSettings = {
				BUNDLE_LOADER = "$(TEST_HOST)";
				CODE_SIGN_STYLE = Automatic;
				DEVELOPMENT_TEAM = U827D84ZM8;
				INFOPLIST_FILE = SmarthomeTests/Info.plist;
				LD_RUNPATH_SEARCH_PATHS = (
					"$(inherited)",
					"@executable_path/Frameworks",
					"@loader_path/Frameworks",
				);
				PRODUCT_BUNDLE_IDENTIFIER = com.yakoub.SmarthomeTests;
				PRODUCT_NAME = "$(TARGET_NAME)";
				SWIFT_VERSION = 5.0;
				TARGETED_DEVICE_FAMILY = "1,2";
				TEST_HOST = "$(BUILT_PRODUCTS_DIR)/Smarthome.app/Smarthome";
			};
			name = Debug;
		};
		7464BA292546FF1C0005E4B9 /* Release */ = {
			isa = XCBuildConfiguration;
			buildSettings = {
				BUNDLE_LOADER = "$(TEST_HOST)";
				CODE_SIGN_STYLE = Automatic;
				DEVELOPMENT_TEAM = U827D84ZM8;
				INFOPLIST_FILE = SmarthomeTests/Info.plist;
				LD_RUNPATH_SEARCH_PATHS = (
					"$(inherited)",
					"@executable_path/Frameworks",
					"@loader_path/Frameworks",
				);
				PRODUCT_BUNDLE_IDENTIFIER = com.yakoub.SmarthomeTests;
				PRODUCT_NAME = "$(TARGET_NAME)";
				SWIFT_VERSION = 5.0;
				TARGETED_DEVICE_FAMILY = "1,2";
				TEST_HOST = "$(BUILT_PRODUCTS_DIR)/Smarthome.app/Smarthome";
			};
			name = Release;
		};
		7464BA55254726260005E4B9 /* Debug */ = {
			isa = XCBuildConfiguration;
			buildSettings = {
				CODE_SIGN_STYLE = Automatic;
				DEVELOPMENT_TEAM = U827D84ZM8;
				INFOPLIST_FILE = SmarthomeUITests/Info.plist;
				LD_RUNPATH_SEARCH_PATHS = (
					"$(inherited)",
					"@executable_path/Frameworks",
					"@loader_path/Frameworks",
				);
				PRODUCT_BUNDLE_IDENTIFIER = com.yakoub.SmarthomeUITests;
				PRODUCT_NAME = "$(TARGET_NAME)";
				SWIFT_VERSION = 5.0;
				TARGETED_DEVICE_FAMILY = "1,2";
				TEST_TARGET_NAME = Smarthome;
			};
			name = Debug;
		};
		7464BA56254726260005E4B9 /* Release */ = {
			isa = XCBuildConfiguration;
			buildSettings = {
				CODE_SIGN_STYLE = Automatic;
				DEVELOPMENT_TEAM = U827D84ZM8;
				INFOPLIST_FILE = SmarthomeUITests/Info.plist;
				LD_RUNPATH_SEARCH_PATHS = (
					"$(inherited)",
					"@executable_path/Frameworks",
					"@loader_path/Frameworks",
				);
				PRODUCT_BUNDLE_IDENTIFIER = com.yakoub.SmarthomeUITests;
				PRODUCT_NAME = "$(TARGET_NAME)";
				SWIFT_VERSION = 5.0;
				TARGETED_DEVICE_FAMILY = "1,2";
				TEST_TARGET_NAME = Smarthome;
			};
			name = Release;
		};
/* End XCBuildConfiguration section */

/* Begin XCConfigurationList section */
		741E986D25401588009B9390 /* Build configuration list for PBXProject "Smarthome" */ = {
			isa = XCConfigurationList;
			buildConfigurations = (
				741E98842540158B009B9390 /* Debug */,
				741E98852540158B009B9390 /* Release */,
			);
			defaultConfigurationIsVisible = 0;
			defaultConfigurationName = Release;
		};
		741E98862540158B009B9390 /* Build configuration list for PBXNativeTarget "Smarthome" */ = {
			isa = XCConfigurationList;
			buildConfigurations = (
				741E98872540158B009B9390 /* Debug */,
				741E98882540158B009B9390 /* Release */,
			);
			defaultConfigurationIsVisible = 0;
			defaultConfigurationName = Release;
		};
		7464BA272546FF1C0005E4B9 /* Build configuration list for PBXNativeTarget "SmarthomeTests" */ = {
			isa = XCConfigurationList;
			buildConfigurations = (
				7464BA282546FF1C0005E4B9 /* Debug */,
				7464BA292546FF1C0005E4B9 /* Release */,
			);
			defaultConfigurationIsVisible = 0;
			defaultConfigurationName = Release;
		};
		7464BA54254726260005E4B9 /* Build configuration list for PBXNativeTarget "SmarthomeUITests" */ = {
			isa = XCConfigurationList;
			buildConfigurations = (
				7464BA55254726260005E4B9 /* Debug */,
				7464BA56254726260005E4B9 /* Release */,
			);
			defaultConfigurationIsVisible = 0;
			defaultConfigurationName = Release;
		};
/* End XCConfigurationList section */

/* Begin XCVersionGroup section */
		7464BA01254555060005E4B9 /* Smarthome.xcdatamodeld */ = {
			isa = XCVersionGroup;
			children = (
				7464BA02254555060005E4B9 /* Smarthome.xcdatamodel */,
			);
			currentVersion = 7464BA02254555060005E4B9 /* Smarthome.xcdatamodel */;
			path = Smarthome.xcdatamodeld;
			sourceTree = "<group>";
			versionGroupType = wrapper.xcdatamodel;
		};
/* End XCVersionGroup section */
	};
	rootObject = 741E986A25401588009B9390 /* Project object */;
}
